PODS:
  - SwipeViewFramework (1.0.1)

DEPENDENCIES:
  - SwipeViewFramework (= 1.0.1)

SPEC REPOS:
  https://github.com/vijayvepa/PodSpecs.git:
    - SwipeViewFramework

SPEC CHECKSUMS:
  SwipeViewFramework: 6075db06ad1c7075613919baefbc2c1bed537612

PODFILE CHECKSUM: ba63d0384dbc29e02c13dd9b9732a19286086a0f

COCOAPODS: 1.8.4
