// !$*UTF8*$!
{
	archiveVersion = 1;
	classes = {
	};
	objectVersion = 50;
	objects = {

/* Begin PBXBuildFile section */
		6B02A76027E2CAC592AE85FA /* Constraints.swift in Sources */ = {isa = PBXBuildFile; fileRef = 6B02A91E417578CB6915B182 /* Constraints.swift */; };
		6B02AD06EAC56D0969751EE1 /* LoginCell.swift in Sources */ = {isa = PBXBuildFile; fileRef = 6B02A40BFE21C06D4D1097A9 /* LoginCell.swift */; };
		6B02AD57FD96A62B9795E969 /* LeftPaddedTextField.swift in Sources */ = {isa = PBXBuildFile; fileRef = 6B02ACFF6E156F73E5BF128F /* LeftPaddedTextField.swift */; };
		B155083F238CCB47005AFA9D /* AppDelegate.swift in Sources */ = {isa = PBXBuildFile; fileRef = B155083E238CCB47005AFA9D /* AppDelegate.swift */; };
		B1550841238CCB47005AFA9D /* SceneDelegate.swift in Sources */ = {isa = PBXBuildFile; fileRef = B1550840238CCB47005AFA9D /* SceneDelegate.swift */; };
		B1550843238CCB47005AFA9D /* ViewController.swift in Sources */ = {isa = PBXBuildFile; fileRef = B1550842238CCB47005AFA9D /* ViewController.swift */; };
		B1550846238CCB47005AFA9D /* Main.storyboard in Resources */ = {isa = PBXBuildFile; fileRef = B1550844238CCB47005AFA9D /* Main.storyboard */; };
		B1550848238CCB48005AFA9D /* Assets.xcassets in Resources */ = {isa = PBXBuildFile; fileRef = B1550847238CCB48005AFA9D /* Assets.xcassets */; };
		B155084B238CCB48005AFA9D /* LaunchScreen.storyboard in Resources */ = {isa = PBXBuildFile; fileRef = B1550849238CCB48005AFA9D /* LaunchScreen.storyboard */; };
		B1550853238CD6B2005AFA9D /* PageCell.swift in Sources */ = {isa = PBXBuildFile; fileRef = B1550852238CD6B2005AFA9D /* PageCell.swift */; };
		B1550855238D4887005AFA9D /* UIViewExtensions.swift in Sources */ = {isa = PBXBuildFile; fileRef = B1550854238D4887005AFA9D /* UIViewExtensions.swift */; };
		B1550857238D4993005AFA9D /* Page.swift in Sources */ = {isa = PBXBuildFile; fileRef = B1550856238D4993005AFA9D /* Page.swift */; };
		B155085C238D529A005AFA9D /* Localizable.strings in Resources */ = {isa = PBXBuildFile; fileRef = B155085A238D529A005AFA9D /* Localizable.strings */; };
/* End PBXBuildFile section */

/* Begin PBXFileReference section */
		6B02A40BFE21C06D4D1097A9 /* LoginCell.swift */ = {isa = PBXFileReference; fileEncoding = 4; lastKnownFileType = sourcecode.swift; path = LoginCell.swift; sourceTree = "<group>"; };
		6B02A91E417578CB6915B182 /* Constraints.swift */ = {isa = PBXFileReference; fileEncoding = 4; lastKnownFileType = sourcecode.swift; path = Constraints.swift; sourceTree = "<group>"; };
		6B02ACFF6E156F73E5BF128F /* LeftPaddedTextField.swift */ = {isa = PBXFileReference; fileEncoding = 4; lastKnownFileType = sourcecode.swift; path = LeftPaddedTextField.swift; sourceTree = "<group>"; };
		B155083B238CCB47005AFA9D /* Audible.app */ = {isa = PBXFileReference; explicitFileType = wrapper.application; includeInIndex = 0; path = Audible.app; sourceTree = BUILT_PRODUCTS_DIR; };
		B155083E238CCB47005AFA9D /* AppDelegate.swift */ = {isa = PBXFileReference; lastKnownFileType = sourcecode.swift; path = AppDelegate.swift; sourceTree = "<group>"; };
		B1550840238CCB47005AFA9D /* SceneDelegate.swift */ = {isa = PBXFileReference; lastKnownFileType = sourcecode.swift; path = SceneDelegate.swift; sourceTree = "<group>"; };
		B1550842238CCB47005AFA9D /* ViewController.swift */ = {isa = PBXFileReference; lastKnownFileType = sourcecode.swift; path = ViewController.swift; sourceTree = "<group>"; };
		B1550845238CCB47005AFA9D /* Base */ = {isa = PBXFileReference; lastKnownFileType = file.storyboard; name = Base; path = Base.lproj/Main.storyboard; sourceTree = "<group>"; };
		B1550847238CCB48005AFA9D /* Assets.xcassets */ = {isa = PBXFileReference; lastKnownFileType = folder.assetcatalog; path = Assets.xcassets; sourceTree = "<group>"; };
		B155084A238CCB48005AFA9D /* Base */ = {isa = PBXFileReference; lastKnownFileType = file.storyboard; name = Base; path = Base.lproj/LaunchScreen.storyboard; sourceTree = "<group>"; };
		B155084C238CCB48005AFA9D /* Info.plist */ = {isa = PBXFileReference; lastKnownFileType = text.plist.xml; path = Info.plist; sourceTree = "<group>"; };
		B1550852238CD6B2005AFA9D /* PageCell.swift */ = {isa = PBXFileReference; lastKnownFileType = sourcecode.swift; path = PageCell.swift; sourceTree = "<group>"; };
		B1550854238D4887005AFA9D /* UIViewExtensions.swift */ = {isa = PBXFileReference; lastKnownFileType = sourcecode.swift; path = UIViewExtensions.swift; sourceTree = "<group>"; };
		B1550856238D4993005AFA9D /* Page.swift */ = {isa = PBXFileReference; lastKnownFileType = sourcecode.swift; path = Page.swift; sourceTree = "<group>"; };
		B1550858238D5203005AFA9D /* hi */ = {isa = PBXFileReference; lastKnownFileType = text.plist.strings; name = hi; path = hi.lproj/Main.strings; sourceTree = "<group>"; };
		B1550859238D5203005AFA9D /* hi */ = {isa = PBXFileReference; lastKnownFileType = text.plist.strings; name = hi; path = hi.lproj/LaunchScreen.strings; sourceTree = "<group>"; };
		B155085B238D529A005AFA9D /* Base */ = {isa = PBXFileReference; lastKnownFileType = text.plist.strings; name = Base; path = Audible/Base.lproj/Localizable.strings; sourceTree = "<group>"; };
		B155085D238D52B3005AFA9D /* hi */ = {isa = PBXFileReference; lastKnownFileType = text.plist.strings; name = hi; path = Audible/hi.lproj/Localizable.strings; sourceTree = "<group>"; };
/* End PBXFileReference section */

/* Begin PBXFrameworksBuildPhase section */
		B1550838238CCB47005AFA9D /* Frameworks */ = {
			isa = PBXFrameworksBuildPhase;
			buildActionMask = 2147483647;
			files = (
			);
			runOnlyForDeploymentPostprocessing = 0;
		};
/* End PBXFrameworksBuildPhase section */

/* Begin PBXGroup section */
		B1550832238CCB47005AFA9D = {
			isa = PBXGroup;
			children = (
				B155085A238D529A005AFA9D /* Localizable.strings */,
				B155083D238CCB47005AFA9D /* Audible */,
				B155083C238CCB47005AFA9D /* Products */,
			);
			sourceTree = "<group>";
		};
		B155083C238CCB47005AFA9D /* Products */ = {
			isa = PBXGroup;
			children = (
				B155083B238CCB47005AFA9D /* Audible.app */,
			);
			name = Products;
			sourceTree = "<group>";
		};
		B155083D238CCB47005AFA9D /* Audible */ = {
			isa = PBXGroup;
			children = (
				B155083E238CCB47005AFA9D /* AppDelegate.swift */,
				B1550840238CCB47005AFA9D /* SceneDelegate.swift */,
				B1550842238CCB47005AFA9D /* ViewController.swift */,
				B1550844238CCB47005AFA9D /* Main.storyboard */,
				B1550847238CCB48005AFA9D /* Assets.xcassets */,
				B1550849238CCB48005AFA9D /* LaunchScreen.storyboard */,
				B155084C238CCB48005AFA9D /* Info.plist */,
				B1550852238CD6B2005AFA9D /* PageCell.swift */,
				B1550854238D4887005AFA9D /* UIViewExtensions.swift */,
				B1550856238D4993005AFA9D /* Page.swift */,
				6B02A91E417578CB6915B182 /* Constraints.swift */,
				6B02A40BFE21C06D4D1097A9 /* LoginCell.swift */,
				6B02ACFF6E156F73E5BF128F /* LeftPaddedTextField.swift */,
			);
			path = Audible;
			sourceTree = "<group>";
		};
/* End PBXGroup section */

/* Begin PBXNativeTarget section */
		B155083A238CCB47005AFA9D /* Audible */ = {
			isa = PBXNativeTarget;
			buildConfigurationList = B155084F238CCB48005AFA9D /* Build configuration list for PBXNativeTarget "Audible" */;
			buildPhases = (
				B1550837238CCB47005AFA9D /* Sources */,
				B1550838238CCB47005AFA9D /* Frameworks */,
				B1550839238CCB47005AFA9D /* Resources */,
			);
			buildRules = (
			);
			dependencies = (
			);
			name = Audible;
			productName = Audible;
			productReference = B155083B238CCB47005AFA9D /* Audible.app */;
			productType = "com.apple.product-type.application";
		};
/* End PBXNativeTarget section */

/* Begin PBXProject section */
		B1550833238CCB47005AFA9D /* Project object */ = {
			isa = PBXProject;
			attributes = {
				LastSwiftUpdateCheck = 1120;
				LastUpgradeCheck = 1120;
				ORGANIZATIONNAME = "Vijay Vepakomma";
				TargetAttributes = {
					B155083A238CCB47005AFA9D = {
						CreatedOnToolsVersion = 11.2.1;
					};
				};
			};
			buildConfigurationList = B1550836238CCB47005AFA9D /* Build configuration list for PBXProject "Audible" */;
			compatibilityVersion = "Xcode 9.3";
			developmentRegion = en;
			hasScannedForEncodings = 0;
			knownRegions = (
				en,
				Base,
				hi,
			);
			mainGroup = B1550832238CCB47005AFA9D;
			productRefGroup = B155083C238CCB47005AFA9D /* Products */;
			projectDirPath = "";
			projectRoot = "";
			targets = (
				B155083A238CCB47005AFA9D /* Audible */,
			);
		};
/* End PBXProject section */

/* Begin PBXResourcesBuildPhase section */
		B1550839238CCB47005AFA9D /* Resources */ = {
			isa = PBXResourcesBuildPhase;
			buildActionMask = 2147483647;
			files = (
				B155084B238CCB48005AFA9D /* LaunchScreen.storyboard in Resources */,
				B155085C238D529A005AFA9D /* Localizable.strings in Resources */,
				B1550848238CCB48005AFA9D /* Assets.xcassets in Resources */,
				B1550846238CCB47005AFA9D /* Main.storyboard in Resources */,
			);
			runOnlyForDeploymentPostprocessing = 0;
		};
/* End PBXResourcesBuildPhase section */

/* Begin PBXSourcesBuildPhase section */
		B1550837238CCB47005AFA9D /* Sources */ = {
			isa = PBXSourcesBuildPhase;
			buildActionMask = 2147483647;
			files = (
				B1550843238CCB47005AFA9D /* ViewController.swift in Sources */,
				B1550855238D4887005AFA9D /* UIViewExtensions.swift in Sources */,
				B1550857238D4993005AFA9D /* Page.swift in Sources */,
				B155083F238CCB47005AFA9D /* AppDelegate.swift in Sources */,
				B1550853238CD6B2005AFA9D /* PageCell.swift in Sources */,
				B1550841238CCB47005AFA9D /* SceneDelegate.swift in Sources */,
				6B02A76027E2CAC592AE85FA /* Constraints.swift in Sources */,
				6B02AD06EAC56D0969751EE1 /* LoginCell.swift in Sources */,
				6B02AD57FD96A62B9795E969 /* LeftPaddedTextField.swift in Sources */,
			);
			runOnlyForDeploymentPostprocessing = 0;
		};
/* End PBXSourcesBuildPhase section */

/* Begin PBXVariantGroup section */
		B1550844238CCB47005AFA9D /* Main.storyboard */ = {
			isa = PBXVariantGroup;
			children = (
				B1550845238CCB47005AFA9D /* Base */,
				B1550858238D5203005AFA9D /* hi */,
			);
			name = Main.storyboard;
			sourceTree = "<group>";
		};
		B1550849238CCB48005AFA9D /* LaunchScreen.storyboard */ = {
			isa = PBXVariantGroup;
			children = (
				B155084A238CCB48005AFA9D /* Base */,
				B1550859238D5203005AFA9D /* hi */,
			);
			name = LaunchScreen.storyboard;
			sourceTree = "<group>";
		};
		B155085A238D529A005AFA9D /* Localizable.strings */ = {
			isa = PBXVariantGroup;
			children = (
				B155085B238D529A005AFA9D /* Base */,
				B155085D238D52B3005AFA9D /* hi */,
			);
			name = Localizable.strings;
			sourceTree = "<group>";
		};
/* End PBXVariantGroup section */

/* Begin XCBuildConfiguration section */
		B155084D238CCB48005AFA9D /* Debug */ = {
			isa = XCBuildConfiguration;
			buildSettings = {
				ALWAYS_SEARCH_USER_PATHS = NO;
				CLANG_ANALYZER_LOCALIZABILITY_NONLOCALIZED = YES;
				CLANG_ANALYZER_NONNULL = YES;
				CLANG_ANALYZER_NUMBER_OBJECT_CONVERSION = YES_AGGRESSIVE;
				CLANG_CXX_LANGUAGE_STANDARD = "gnu++14";
				CLANG_CXX_LIBRARY = "libc++";
				CLANG_ENABLE_MODULES = YES;
				CLANG_ENABLE_OBJC_ARC = YES;
				CLANG_ENABLE_OBJC_WEAK = YES;
				CLANG_WARN_BLOCK_CAPTURE_AUTORELEASING = YES;
				CLANG_WARN_BOOL_CONVERSION = YES;
				CLANG_WARN_COMMA = YES;
				CLANG_WARN_CONSTANT_CONVERSION = YES;
				CLANG_WARN_DEPRECATED_OBJC_IMPLEMENTATIONS = YES;
				CLANG_WARN_DIRECT_OBJC_ISA_USAGE = YES_ERROR;
				CLANG_WARN_DOCUMENTATION_COMMENTS = YES;
				CLANG_WARN_EMPTY_BODY = YES;
				CLANG_WARN_ENUM_CONVERSION = YES;
				CLANG_WARN_INFINITE_RECURSION = YES;
				CLANG_WARN_INT_CONVERSION = YES;
				CLANG_WARN_NON_LITERAL_NULL_CONVERSION = YES;
				CLANG_WARN_OBJC_IMPLICIT_RETAIN_SELF = YES;
				CLANG_WARN_OBJC_LITERAL_CONVERSION = YES;
				CLANG_WARN_OBJC_ROOT_CLASS = YES_ERROR;
				CLANG_WARN_RANGE_LOOP_ANALYSIS = YES;
				CLANG_WARN_STRICT_PROTOTYPES = YES;
				CLANG_WARN_SUSPICIOUS_MOVE = YES;
				CLANG_WARN_UNGUARDED_AVAILABILITY = YES_AGGRESSIVE;
				CLANG_WARN_UNREACHABLE_CODE = YES;
				CLANG_WARN__DUPLICATE_METHOD_MATCH = YES;
				COPY_PHASE_STRIP = NO;
				DEBUG_INFORMATION_FORMAT = dwarf;
				ENABLE_STRICT_OBJC_MSGSEND = YES;
				ENABLE_TESTABILITY = YES;
				GCC_C_LANGUAGE_STANDARD = gnu11;
				GCC_DYNAMIC_NO_PIC = NO;
				GCC_NO_COMMON_BLOCKS = YES;
				GCC_OPTIMIZATION_LEVEL = 0;
				GCC_PREPROCESSOR_DEFINITIONS = (
					"DEBUG=1",
					"$(inherited)",
				);
				GCC_WARN_64_TO_32_BIT_CONVERSION = YES;
				GCC_WARN_ABOUT_RETURN_TYPE = YES_ERROR;
				GCC_WARN_UNDECLARED_SELECTOR = YES;
				GCC_WARN_UNINITIALIZED_AUTOS = YES_AGGRESSIVE;
				GCC_WARN_UNUSED_FUNCTION = YES;
				GCC_WARN_UNUSED_VARIABLE = YES;
				IPHONEOS_DEPLOYMENT_TARGET = 13.2;
				MTL_ENABLE_DEBUG_INFO = INCLUDE_SOURCE;
				MTL_FAST_MATH = YES;
				ONLY_ACTIVE_ARCH = YES;
				SDKROOT = iphoneos;
				SWIFT_ACTIVE_COMPILATION_CONDITIONS = DEBUG;
				SWIFT_OPTIMIZATION_LEVEL = "-Onone";
			};
			name = Debug;
		};
		B155084E238CCB48005AFA9D /* Release */ = {
			isa = XCBuildConfiguration;
			buildSettings = {
				ALWAYS_SEARCH_USER_PATHS = NO;
				CLANG_ANALYZER_LOCALIZABILITY_NONLOCALIZED = YES;
				CLANG_ANALYZER_NONNULL = YES;
				CLANG_ANALYZER_NUMBER_OBJECT_CONVERSION = YES_AGGRESSIVE;
				CLANG_CXX_LANGUAGE_STANDARD = "gnu++14";
				CLANG_CXX_LIBRARY = "libc++";
				CLANG_ENABLE_MODULES = YES;
				CLANG_ENABLE_OBJC_ARC = YES;
				CLANG_ENABLE_OBJC_WEAK = YES;
				CLANG_WARN_BLOCK_CAPTURE_AUTORELEASING = YES;
				CLANG_WARN_BOOL_CONVERSION = YES;
				CLANG_WARN_COMMA = YES;
				CLANG_WARN_CONSTANT_CONVERSION = YES;
				CLANG_WARN_DEPRECATED_OBJC_IMPLEMENTATIONS = YES;
				CLANG_WARN_DIRECT_OBJC_ISA_USAGE = YES_ERROR;
				CLANG_WARN_DOCUMENTATION_COMMENTS = YES;
				CLANG_WARN_EMPTY_BODY = YES;
				CLANG_WARN_ENUM_CONVERSION = YES;
				CLANG_WARN_INFINITE_RECURSION = YES;
				CLANG_WARN_INT_CONVERSION = YES;
				CLANG_WARN_NON_LITERAL_NULL_CONVERSION = YES;
				CLANG_WARN_OBJC_IMPLICIT_RETAIN_SELF = YES;
				CLANG_WARN_OBJC_LITERAL_CONVERSION = YES;
				CLANG_WARN_OBJC_ROOT_CLASS = YES_ERROR;
				CLANG_WARN_RANGE_LOOP_ANALYSIS = YES;
				CLANG_WARN_STRICT_PROTOTYPES = YES;
				CLANG_WARN_SUSPICIOUS_MOVE = YES;
				CLANG_WARN_UNGUARDED_AVAILABILITY = YES_AGGRESSIVE;
				CLANG_WARN_UNREACHABLE_CODE = YES;
				CLANG_WARN__DUPLICATE_METHOD_MATCH = YES;
				COPY_PHASE_STRIP = NO;
				DEBUG_INFORMATION_FORMAT = "dwarf-with-dsym";
				ENABLE_NS_ASSERTIONS = NO;
				ENABLE_STRICT_OBJC_MSGSEND = YES;
				GCC_C_LANGUAGE_STANDARD = gnu11;
				GCC_NO_COMMON_BLOCKS = YES;
				GCC_WARN_64_TO_32_BIT_CONVERSION = YES;
				GCC_WARN_ABOUT_RETURN_TYPE = YES_ERROR;
				GCC_WARN_UNDECLARED_SELECTOR = YES;
				GCC_WARN_UNINITIALIZED_AUTOS = YES_AGGRESSIVE;
				GCC_WARN_UNUSED_FUNCTION = YES;
				GCC_WARN_UNUSED_VARIABLE = YES;
				IPHONEOS_DEPLOYMENT_TARGET = 13.2;
				MTL_ENABLE_DEBUG_INFO = NO;
				MTL_FAST_MATH = YES;
				SDKROOT = iphoneos;
				SWIFT_COMPILATION_MODE = wholemodule;
				SWIFT_OPTIMIZATION_LEVEL = "-O";
				VALIDATE_PRODUCT = YES;
			};
			name = Release;
		};
		B1550850238CCB48005AFA9D /* Debug */ = {
			isa = XCBuildConfiguration;
			buildSettings = {
				ASSETCATALOG_COMPILER_APPICON_NAME = AppIcon;
				CODE_SIGN_STYLE = Automatic;
				INFOPLIST_FILE = Audible/Info.plist;
				LD_RUNPATH_SEARCH_PATHS = (
					"$(inherited)",
					"@executable_path/Frameworks",
				);
				PRODUCT_BUNDLE_IDENTIFIER = com.vepakomma.vijay.Audible;
				PRODUCT_NAME = "$(TARGET_NAME)";
				SWIFT_VERSION = 5.0;
				TARGETED_DEVICE_FAMILY = "1,2";
			};
			name = Debug;
		};
		B1550851238CCB48005AFA9D /* Release */ = {
			isa = XCBuildConfiguration;
			buildSettings = {
				ASSETCATALOG_COMPILER_APPICON_NAME = AppIcon;
				CODE_SIGN_STYLE = Automatic;
				INFOPLIST_FILE = Audible/Info.plist;
				LD_RUNPATH_SEARCH_PATHS = (
					"$(inherited)",
					"@executable_path/Frameworks",
				);
				PRODUCT_BUNDLE_IDENTIFIER = com.vepakomma.vijay.Audible;
				PRODUCT_NAME = "$(TARGET_NAME)";
				SWIFT_VERSION = 5.0;
				TARGETED_DEVICE_FAMILY = "1,2";
			};
			name = Release;
		};
/* End XCBuildConfiguration section */

/* Begin XCConfigurationList section */
		B1550836238CCB47005AFA9D /* Build configuration list for PBXProject "Audible" */ = {
			isa = XCConfigurationList;
			buildConfigurations = (
				B155084D238CCB48005AFA9D /* Debug */,
				B155084E238CCB48005AFA9D /* Release */,
			);
			defaultConfigurationIsVisible = 0;
			defaultConfigurationName = Release;
		};
		B155084F238CCB48005AFA9D /* Build configuration list for PBXNativeTarget "Audible" */ = {
			isa = XCConfigurationList;
			buildConfigurations = (
				B1550850238CCB48005AFA9D /* Debug */,
				B1550851238CCB48005AFA9D /* Release */,
			);
			defaultConfigurationIsVisible = 0;
			defaultConfigurationName = Release;
		};
/* End XCConfigurationList section */
	};
	rootObject = B1550833238CCB47005AFA9D /* Project object */;
}
